
Microsoft Visual Studio Solution File, Format Version 12.00
# Visual Studio 15
VisualStudioVersion = 15.0.28010.2026
MinimumVisualStudioVersion = 10.0.40219.1
Project("{FAE04EC0-301F-11D3-BF4B-00C04F79EFBC}") = "SocketTcpClient", "SocketTcpClient\SocketTcpClient.csproj", "{2D4E32C8-61B9-4D18-ADB4-06AF4A84E796}"
EndProject
Project("{9A19103F-16F7-4668-BE54-9A1E7A4F7556}") = "SocketTcpServer", "SocketTcpServer\SocketTcpServer.csproj", "{500D1E24-D18A-4F6F-A89E-8073DD7CFF7F}"
EndProject
Global
	GlobalSection(SolutionConfigurationPlatforms) = preSolution
		Debug|Any CPU = Debug|Any CPU
		Release|Any CPU = Release|Any CPU
	EndGlobalSection
	GlobalSection(ProjectConfigurationPlatforms) = postSolution
		{2D4E32C8-61B9-4D18-ADB4-06AF4A84E796}.Debug|Any CPU.ActiveCfg = Debug|Any CPU
		{2D4E32C8-61B9-4D18-ADB4-06AF4A84E796}.Debug|Any CPU.Build.0 = Debug|Any CPU
		{2D4E32C8-61B9-4D18-ADB4-06AF4A84E796}.Release|Any CPU.ActiveCfg = Release|Any CPU
		{2D4E32C8-61B9-4D18-ADB4-06AF4A84E796}.Release|Any CPU.Build.0 = Release|Any CPU
		{500D1E24-D18A-4F6F-A89E-8073DD7CFF7F}.Debug|Any CPU.ActiveCfg = Debug|Any CPU
		{500D1E24-D18A-4F6F-A89E-8073DD7CFF7F}.Debug|Any CPU.Build.0 = Debug|Any CPU
		{500D1E24-D18A-4F6F-A89E-8073DD7CFF7F}.Release|Any CPU.ActiveCfg = Release|Any CPU
		{500D1E24-D18A-4F6F-A89E-8073DD7CFF7F}.Release|Any CPU.Build.0 = Release|Any CPU
	EndGlobalSection
	GlobalSection(SolutionProperties) = preSolution
		HideSolutionNode = FALSE
	EndGlobalSection
	GlobalSection(ExtensibilityGlobals) = postSolution
		SolutionGuid = {643AE9CB-91E8-4FC0-8307-317E01BA213C}
	EndGlobalSection
EndGlobal
